
Microsoft Visual Studio Solution File, Format Version 12.00
Project("{FAE04EC0-301F-11D3-BF4B-00C04F79EFBC}") = "DecoratorSample", "DecoratorSample\DecoratorSample.csproj", "{474A36E1-5CDF-49BA-AFA7-CBED4CF8390A}"
EndProject
Global
	GlobalSection(SolutionConfigurationPlatforms) = preSolution
		Debug|Any CPU = Debug|Any CPU
		Release|Any CPU = Release|Any CPU
	EndGlobalSection
	GlobalSection(ProjectConfigurationPlatforms) = postSolution
		{474A36E1-5CDF-49BA-AFA7-CBED4CF8390A}.Debug|Any CPU.ActiveCfg = Debug|Any CPU
		{474A36E1-5CDF-49BA-AFA7-CBED4CF8390A}.Debug|Any CPU.Build.0 = Debug|Any CPU
		{474A36E1-5CDF-49BA-AFA7-CBED4CF8390A}.Release|Any CPU.ActiveCfg = Release|Any CPU
		{474A36E1-5CDF-49BA-AFA7-CBED4CF8390A}.Release|Any CPU.Build.0 = Release|Any CPU
	EndGlobalSection
EndGlobal
